# This file is automatically @generated by Cargo.
# It is not intended for manual editing.
version = 4

[[package]]
name = "nightjar-cli"
version = "0.1.0"
dependencies = [
 "nightjar-core",
]

[[package]]
name = "nightjar-core"
version = "0.1.0"

[[package]]
name = "nightjar-gui"
version = "0.1.0"
dependencies = [
 "nightjar-core",
]
